// !$*UTF8*$!
{
	archiveVersion = 1;
	classes = {
	};
	objectVersion = 50;
	objects = {

/* Begin PBXBuildFile section */
		BC7739BE26B0AA7700DB95B1 /* TrafficLightSwiftUIv2App.swift in Sources */ = {isa = PBXBuildFile; fileRef = BC7739BD26B0AA7700DB95B1 /* TrafficLightSwiftUIv2App.swift */; };
		BC7739C026B0AA7700DB95B1 /* ContentView.swift in Sources */ = {isa = PBXBuildFile; fileRef = BC7739BF26B0AA7700DB95B1 /* ContentView.swift */; };
		BC7739C226B0AA7A00DB95B1 /* Assets.xcassets in Resources */ = {isa = PBXBuildFile; fileRef = BC7739C126B0AA7A00DB95B1 /* Assets.xcassets */; };
		BC7739C526B0AA7A00DB95B1 /* Preview Assets.xcassets in Resources */ = {isa = PBXBuildFile; fileRef = BC7739C426B0AA7A00DB95B1 /* Preview Assets.xcassets */; };
		BC7739CD26B0AAA100DB95B1 /* ChangeColor.swift in Sources */ = {isa = PBXBuildFile; fileRef = BC7739CC26B0AAA100DB95B1 /* ChangeColor.swift */; };
		BC7739CF26B0AAB100DB95B1 /* ActionButton.swift in Sources */ = {isa = PBXBuildFile; fileRef = BC7739CE26B0AAB100DB95B1 /* ActionButton.swift */; };
/* End PBXBuildFile section */

/* Begin PBXFileReference section */
		BC7739BA26B0AA7700DB95B1 /* TrafficLightSwiftUIv2.app */ = {isa = PBXFileReference; explicitFileType = wrapper.application; includeInIndex = 0; path = TrafficLightSwiftUIv2.app; sourceTree = BUILT_PRODUCTS_DIR; };
		BC7739BD26B0AA7700DB95B1 /* TrafficLightSwiftUIv2App.swift */ = {isa = PBXFileReference; lastKnownFileType = sourcecode.swift; path = TrafficLightSwiftUIv2App.swift; sourceTree = "<group>"; };
		BC7739BF26B0AA7700DB95B1 /* ContentView.swift */ = {isa = PBXFileReference; lastKnownFileType = sourcecode.swift; path = ContentView.swift; sourceTree = "<group>"; };
		BC7739C126B0AA7A00DB95B1 /* Assets.xcassets */ = {isa = PBXFileReference; lastKnownFileType = folder.assetcatalog; path = Assets.xcassets; sourceTree = "<group>"; };
		BC7739C426B0AA7A00DB95B1 /* Preview Assets.xcassets */ = {isa = PBXFileReference; lastKnownFileType = folder.assetcatalog; path = "Preview Assets.xcassets"; sourceTree = "<group>"; };
		BC7739C626B0AA7A00DB95B1 /* Info.plist */ = {isa = PBXFileReference; lastKnownFileType = text.plist.xml; path = Info.plist; sourceTree = "<group>"; };
		BC7739CC26B0AAA100DB95B1 /* ChangeColor.swift */ = {isa = PBXFileReference; lastKnownFileType = sourcecode.swift; path = ChangeColor.swift; sourceTree = "<group>"; };
		BC7739CE26B0AAB100DB95B1 /* ActionButton.swift */ = {isa = PBXFileReference; lastKnownFileType = sourcecode.swift; path = ActionButton.swift; sourceTree = "<group>"; };
/* End PBXFileReference section */

/* Begin PBXFrameworksBuildPhase section */
		BC7739B726B0AA7700DB95B1 /* Frameworks */ = {
			isa = PBXFrameworksBuildPhase;
			buildActionMask = 2147483647;
			files = (
			);
			runOnlyForDeploymentPostprocessing = 0;
		};
/* End PBXFrameworksBuildPhase section */

/* Begin PBXGroup section */
		BC7739B126B0AA7700DB95B1 = {
			isa = PBXGroup;
			children = (
				BC7739BC26B0AA7700DB95B1 /* TrafficLightSwiftUIv2 */,
				BC7739BB26B0AA7700DB95B1 /* Products */,
			);
			sourceTree = "<group>";
		};
		BC7739BB26B0AA7700DB95B1 /* Products */ = {
			isa = PBXGroup;
			children = (
				BC7739BA26B0AA7700DB95B1 /* TrafficLightSwiftUIv2.app */,
			);
			name = Products;
			sourceTree = "<group>";
		};
		BC7739BC26B0AA7700DB95B1 /* TrafficLightSwiftUIv2 */ = {
			isa = PBXGroup;
			children = (
				BC7739BD26B0AA7700DB95B1 /* TrafficLightSwiftUIv2App.swift */,
				BC7739BF26B0AA7700DB95B1 /* ContentView.swift */,
				BC7739C126B0AA7A00DB95B1 /* Assets.xcassets */,
				BC7739C626B0AA7A00DB95B1 /* Info.plist */,
				BC7739C326B0AA7A00DB95B1 /* Preview Content */,
				BC7739CC26B0AAA100DB95B1 /* ChangeColor.swift */,
				BC7739CE26B0AAB100DB95B1 /* ActionButton.swift */,
			);
			path = TrafficLightSwiftUIv2;
			sourceTree = "<group>";
		};
		BC7739C326B0AA7A00DB95B1 /* Preview Content */ = {
			isa = PBXGroup;
			children = (
				BC7739C426B0AA7A00DB95B1 /* Preview Assets.xcassets */,
			);
			path = "Preview Content";
			sourceTree = "<group>";
		};
/* End PBXGroup section */

/* Begin PBXNativeTarget section */
		BC7739B926B0AA7700DB95B1 /* TrafficLightSwiftUIv2 */ = {
			isa = PBXNativeTarget;
			buildConfigurationList = BC7739C926B0AA7A00DB95B1 /* Build configuration list for PBXNativeTarget "TrafficLightSwiftUIv2" */;
			buildPhases = (
				BC7739B626B0AA7700DB95B1 /* Sources */,
				BC7739B726B0AA7700DB95B1 /* Frameworks */,
				BC7739B826B0AA7700DB95B1 /* Resources */,
			);
			buildRules = (
			);
			dependencies = (
			);
			name = TrafficLightSwiftUIv2;
			productName = TrafficLightSwiftUIv2;
			productReference = BC7739BA26B0AA7700DB95B1 /* TrafficLightSwiftUIv2.app */;
			productType = "com.apple.product-type.application";
		};
/* End PBXNativeTarget section */

/* Begin PBXProject section */
		BC7739B226B0AA7700DB95B1 /* Project object */ = {
			isa = PBXProject;
			attributes = {
				LastSwiftUpdateCheck = 1250;
				LastUpgradeCheck = 1250;
				TargetAttributes = {
					BC7739B926B0AA7700DB95B1 = {
						CreatedOnToolsVersion = 12.5;
					};
				};
			};
			buildConfigurationList = BC7739B526B0AA7700DB95B1 /* Build configuration list for PBXProject "TrafficLightSwiftUIv2" */;
			compatibilityVersion = "Xcode 9.3";
			developmentRegion = en;
			hasScannedForEncodings = 0;
			knownRegions = (
				en,
				Base,
			);
			mainGroup = BC7739B126B0AA7700DB95B1;
			productRefGroup = BC7739BB26B0AA7700DB95B1 /* Products */;
			projectDirPath = "";
			projectRoot = "";
			targets = (
				BC7739B926B0AA7700DB95B1 /* TrafficLightSwiftUIv2 */,
			);
		};
/* End PBXProject section */

/* Begin PBXResourcesBuildPhase section */
		BC7739B826B0AA7700DB95B1 /* Resources */ = {
			isa = PBXResourcesBuildPhase;
			buildActionMask = 2147483647;
			files = (
				BC7739C526B0AA7A00DB95B1 /* Preview Assets.xcassets in Resources */,
				BC7739C226B0AA7A00DB95B1 /* Assets.xcassets in Resources */,
			);
			runOnlyForDeploymentPostprocessing = 0;
		};
/* End PBXResourcesBuildPhase section */

/* Begin PBXSourcesBuildPhase section */
		BC7739B626B0AA7700DB95B1 /* Sources */ = {
			isa = PBXSourcesBuildPhase;
			buildActionMask = 2147483647;
			files = (
				BC7739CD26B0AAA100DB95B1 /* ChangeColor.swift in Sources */,
				BC7739C026B0AA7700DB95B1 /* ContentView.swift in Sources */,
				BC7739BE26B0AA7700DB95B1 /* TrafficLightSwiftUIv2App.swift in Sources */,
				BC7739CF26B0AAB100DB95B1 /* ActionButton.swift in Sources */,
			);
			runOnlyForDeploymentPostprocessing = 0;
		};
/* End PBXSourcesBuildPhase section */

/* Begin XCBuildConfiguration section */
		BC7739C726B0AA7A00DB95B1 /* Debug */ = {
			isa = XCBuildConfiguration;
			buildSettings = {
				ALWAYS_SEARCH_USER_PATHS = NO;
				CLANG_ANALYZER_NONNULL = YES;
				CLANG_ANALYZER_NUMBER_OBJECT_CONVERSION = YES_AGGRESSIVE;
				CLANG_CXX_LANGUAGE_STANDARD = "gnu++14";
				CLANG_CXX_LIBRARY = "libc++";
				CLANG_ENABLE_MODULES = YES;
				CLANG_ENABLE_OBJC_ARC = YES;
				CLANG_ENABLE_OBJC_WEAK = YES;
				CLANG_WARN_BLOCK_CAPTURE_AUTORELEASING = YES;
				CLANG_WARN_BOOL_CONVERSION = YES;
				CLANG_WARN_COMMA = YES;
				CLANG_WARN_CONSTANT_CONVERSION = YES;
				CLANG_WARN_DEPRECATED_OBJC_IMPLEMENTATIONS = YES;
				CLANG_WARN_DIRECT_OBJC_ISA_USAGE = YES_ERROR;
				CLANG_WARN_DOCUMENTATION_COMMENTS = YES;
				CLANG_WARN_EMPTY_BODY = YES;
				CLANG_WARN_ENUM_CONVERSION = YES;
				CLANG_WARN_INFINITE_RECURSION = YES;
				CLANG_WARN_INT_CONVERSION = YES;
				CLANG_WARN_NON_LITERAL_NULL_CONVERSION = YES;
				CLANG_WARN_OBJC_IMPLICIT_RETAIN_SELF = YES;
				CLANG_WARN_OBJC_LITERAL_CONVERSION = YES;
				CLANG_WARN_OBJC_ROOT_CLASS = YES_ERROR;
				CLANG_WARN_QUOTED_INCLUDE_IN_FRAMEWORK_HEADER = YES;
				CLANG_WARN_RANGE_LOOP_ANALYSIS = YES;
				CLANG_WARN_STRICT_PROTOTYPES = YES;
				CLANG_WARN_SUSPICIOUS_MOVE = YES;
				CLANG_WARN_UNGUARDED_AVAILABILITY = YES_AGGRESSIVE;
				CLANG_WARN_UNREACHABLE_CODE = YES;
				CLANG_WARN__DUPLICATE_METHOD_MATCH = YES;
				COPY_PHASE_STRIP = NO;
				DEBUG_INFORMATION_FORMAT = dwarf;
				ENABLE_STRICT_OBJC_MSGSEND = YES;
				ENABLE_TESTABILITY = YES;
				GCC_C_LANGUAGE_STANDARD = gnu11;
				GCC_DYNAMIC_NO_PIC = NO;
				GCC_NO_COMMON_BLOCKS = YES;
				GCC_OPTIMIZATION_LEVEL = 0;
				GCC_PREPROCESSOR_DEFINITIONS = (
					"DEBUG=1",
					"$(inherited)",
				);
				GCC_WARN_64_TO_32_BIT_CONVERSION = YES;
				GCC_WARN_ABOUT_RETURN_TYPE = YES_ERROR;
				GCC_WARN_UNDECLARED_SELECTOR = YES;
				GCC_WARN_UNINITIALIZED_AUTOS = YES_AGGRESSIVE;
				GCC_WARN_UNUSED_FUNCTION = YES;
				GCC_WARN_UNUSED_VARIABLE = YES;
				IPHONEOS_DEPLOYMENT_TARGET = 14.5;
				MTL_ENABLE_DEBUG_INFO = INCLUDE_SOURCE;
				MTL_FAST_MATH = YES;
				ONLY_ACTIVE_ARCH = YES;
				SDKROOT = iphoneos;
				SWIFT_ACTIVE_COMPILATION_CONDITIONS = DEBUG;
				SWIFT_OPTIMIZATION_LEVEL = "-Onone";
			};
			name = Debug;
		};
		BC7739C826B0AA7A00DB95B1 /* Release */ = {
			isa = XCBuildConfiguration;
			buildSettings = {
				ALWAYS_SEARCH_USER_PATHS = NO;
				CLANG_ANALYZER_NONNULL = YES;
				CLANG_ANALYZER_NUMBER_OBJECT_CONVERSION = YES_AGGRESSIVE;
				CLANG_CXX_LANGUAGE_STANDARD = "gnu++14";
				CLANG_CXX_LIBRARY = "libc++";
				CLANG_ENABLE_MODULES = YES;
				CLANG_ENABLE_OBJC_ARC = YES;
				CLANG_ENABLE_OBJC_WEAK = YES;
				CLANG_WARN_BLOCK_CAPTURE_AUTORELEASING = YES;
				CLANG_WARN_BOOL_CONVERSION = YES;
				CLANG_WARN_COMMA = YES;
				CLANG_WARN_CONSTANT_CONVERSION = YES;
				CLANG_WARN_DEPRECATED_OBJC_IMPLEMENTATIONS = YES;
				CLANG_WARN_DIRECT_OBJC_ISA_USAGE = YES_ERROR;
				CLANG_WARN_DOCUMENTATION_COMMENTS = YES;
				CLANG_WARN_EMPTY_BODY = YES;
				CLANG_WARN_ENUM_CONVERSION = YES;
				CLANG_WARN_INFINITE_RECURSION = YES;
				CLANG_WARN_INT_CONVERSION = YES;
				CLANG_WARN_NON_LITERAL_NULL_CONVERSION = YES;
				CLANG_WARN_OBJC_IMPLICIT_RETAIN_SELF = YES;
				CLANG_WARN_OBJC_LITERAL_CONVERSION = YES;
				CLANG_WARN_OBJC_ROOT_CLASS = YES_ERROR;
				CLANG_WARN_QUOTED_INCLUDE_IN_FRAMEWORK_HEADER = YES;
				CLANG_WARN_RANGE_LOOP_ANALYSIS = YES;
				CLANG_WARN_STRICT_PROTOTYPES = YES;
				CLANG_WARN_SUSPICIOUS_MOVE = YES;
				CLANG_WARN_UNGUARDED_AVAILABILITY = YES_AGGRESSIVE;
				CLANG_WARN_UNREACHABLE_CODE = YES;
				CLANG_WARN__DUPLICATE_METHOD_MATCH = YES;
				COPY_PHASE_STRIP = NO;
				DEBUG_INFORMATION_FORMAT = "dwarf-with-dsym";
				ENABLE_NS_ASSERTIONS = NO;
				ENABLE_STRICT_OBJC_MSGSEND = YES;
				GCC_C_LANGUAGE_STANDARD = gnu11;
				GCC_NO_COMMON_BLOCKS = YES;
				GCC_WARN_64_TO_32_BIT_CONVERSION = YES;
				GCC_WARN_ABOUT_RETURN_TYPE = YES_ERROR;
				GCC_WARN_UNDECLARED_SELECTOR = YES;
				GCC_WARN_UNINITIALIZED_AUTOS = YES_AGGRESSIVE;
				GCC_WARN_UNUSED_FUNCTION = YES;
				GCC_WARN_UNUSED_VARIABLE = YES;
				IPHONEOS_DEPLOYMENT_TARGET = 14.5;
				MTL_ENABLE_DEBUG_INFO = NO;
				MTL_FAST_MATH = YES;
				SDKROOT = iphoneos;
				SWIFT_COMPILATION_MODE = wholemodule;
				SWIFT_OPTIMIZATION_LEVEL = "-O";
				VALIDATE_PRODUCT = YES;
			};
			name = Release;
		};
		BC7739CA26B0AA7A00DB95B1 /* Debug */ = {
			isa = XCBuildConfiguration;
			buildSettings = {
				ASSETCATALOG_COMPILER_APPICON_NAME = AppIcon;
				ASSETCATALOG_COMPILER_GLOBAL_ACCENT_COLOR_NAME = AccentColor;
				CODE_SIGN_STYLE = Automatic;
				DEVELOPMENT_ASSET_PATHS = "\"TrafficLightSwiftUIv2/Preview Content\"";
				DEVELOPMENT_TEAM = ATN5JCL522;
				ENABLE_PREVIEWS = YES;
				INFOPLIST_FILE = TrafficLightSwiftUIv2/Info.plist;
				IPHONEOS_DEPLOYMENT_TARGET = 14.0;
				LD_RUNPATH_SEARCH_PATHS = (
					"$(inherited)",
					"@executable_path/Frameworks",
				);
				PRODUCT_BUNDLE_IDENTIFIER = Work.TrafficLightSwiftUIv2;
				PRODUCT_NAME = "$(TARGET_NAME)";
				SWIFT_VERSION = 5.0;
				TARGETED_DEVICE_FAMILY = "1,2";
			};
			name = Debug;
		};
		BC7739CB26B0AA7A00DB95B1 /* Release */ = {
			isa = XCBuildConfiguration;
			buildSettings = {
				ASSETCATALOG_COMPILER_APPICON_NAME = AppIcon;
				ASSETCATALOG_COMPILER_GLOBAL_ACCENT_COLOR_NAME = AccentColor;
				CODE_SIGN_STYLE = Automatic;
				DEVELOPMENT_ASSET_PATHS = "\"TrafficLightSwiftUIv2/Preview Content\"";
				DEVELOPMENT_TEAM = ATN5JCL522;
				ENABLE_PREVIEWS = YES;
				INFOPLIST_FILE = TrafficLightSwiftUIv2/Info.plist;
				IPHONEOS_DEPLOYMENT_TARGET = 14.0;
				LD_RUNPATH_SEARCH_PATHS = (
					"$(inherited)",
					"@executable_path/Frameworks",
				);
				PRODUCT_BUNDLE_IDENTIFIER = Work.TrafficLightSwiftUIv2;
				PRODUCT_NAME = "$(TARGET_NAME)";
				SWIFT_VERSION = 5.0;
				TARGETED_DEVICE_FAMILY = "1,2";
			};
			name = Release;
		};
/* End XCBuildConfiguration section */

/* Begin XCConfigurationList section */
		BC7739B526B0AA7700DB95B1 /* Build configuration list for PBXProject "TrafficLightSwiftUIv2" */ = {
			isa = XCConfigurationList;
			buildConfigurations = (
				BC7739C726B0AA7A00DB95B1 /* Debug */,
				BC7739C826B0AA7A00DB95B1 /* Release */,
			);
			defaultConfigurationIsVisible = 0;
			defaultConfigurationName = Release;
		};
		BC7739C926B0AA7A00DB95B1 /* Build configuration list for PBXNativeTarget "TrafficLightSwiftUIv2" */ = {
			isa = XCConfigurationList;
			buildConfigurations = (
				BC7739CA26B0AA7A00DB95B1 /* Debug */,
				BC7739CB26B0AA7A00DB95B1 /* Release */,
			);
			defaultConfigurationIsVisible = 0;
			defaultConfigurationName = Release;
		};
/* End XCConfigurationList section */
	};
	rootObject = BC7739B226B0AA7700DB95B1 /* Project object */;
}
